
Microsoft Visual Studio Solution File, Format Version 12.00
# Visual Studio Version 17
VisualStudioVersion = 17.13.35818.85 d17.13
MinimumVisualStudioVersion = 10.0.40219.1
Project("{FAE04EC0-301F-11D3-BF4B-00C04F79EFBC}") = "MaplestorySfSimulator", "MaplestorySfSimulator\MaplestorySfSimulator.csproj", "{78501AF7-9EBE-421D-848E-3105390ED5EC}"
EndProject
Global
	GlobalSection(SolutionConfigurationPlatforms) = preSolution
		Debug|Any CPU = Debug|Any CPU
		Release|Any CPU = Release|Any CPU
	EndGlobalSection
	GlobalSection(ProjectConfigurationPlatforms) = postSolution
		{78501AF7-9EBE-421D-848E-3105390ED5EC}.Debug|Any CPU.ActiveCfg = Debug|Any CPU
		{78501AF7-9EBE-421D-848E-3105390ED5EC}.Debug|Any CPU.Build.0 = Debug|Any CPU
		{78501AF7-9EBE-421D-848E-3105390ED5EC}.Release|Any CPU.ActiveCfg = Release|Any CPU
		{78501AF7-9EBE-421D-848E-3105390ED5EC}.Release|Any CPU.Build.0 = Release|Any CPU
	EndGlobalSection
	GlobalSection(SolutionProperties) = preSolution
		HideSolutionNode = FALSE
	EndGlobalSection
	GlobalSection(ExtensibilityGlobals) = postSolution
		SolutionGuid = {20888997-2CCB-4044-89AE-9274641AA31C}
	EndGlobalSection
EndGlobal
